
Microsoft Visual Studio Solution File, Format Version 12.00
Project("{FAE04EC0-301F-11D3-BF4B-00C04F79EFBC}") = "IrsPdf", "IrsPdf\IrsPdf.csproj", "{257ED4B3-FA54-4599-87D0-6107F7EB5FBE}"
EndProject
Global
	GlobalSection(SolutionConfigurationPlatforms) = preSolution
		Debug|Any CPU = Debug|Any CPU
		Release|Any CPU = Release|Any CPU
	EndGlobalSection
	GlobalSection(ProjectConfigurationPlatforms) = postSolution
		{257ED4B3-FA54-4599-87D0-6107F7EB5FBE}.Debug|Any CPU.ActiveCfg = Debug|Any CPU
		{257ED4B3-FA54-4599-87D0-6107F7EB5FBE}.Debug|Any CPU.Build.0 = Debug|Any CPU
		{257ED4B3-FA54-4599-87D0-6107F7EB5FBE}.Release|Any CPU.ActiveCfg = Release|Any CPU
		{257ED4B3-FA54-4599-87D0-6107F7EB5FBE}.Release|Any CPU.Build.0 = Release|Any CPU
	EndGlobalSection
EndGlobal
